
Microsoft Visual Studio Solution File, Format Version 12.00
# Visual Studio Version 17
VisualStudioVersion = 17.0.32112.339
MinimumVisualStudioVersion = 10.0.40219.1
Project("{9A19103F-16F7-4668-BE54-9A1E7A4F7556}") = "MonitoringSystem.Shared", "MonitoringSystem.Shared\MonitoringSystem.Shared.csproj", "{E0E9D5E7-D5F6-4344-9E97-69B034D72217}"
EndProject
Project("{9A19103F-16F7-4668-BE54-9A1E7A4F7556}") = "MonitoringConfig.Infrastructure", "MonitoringConfig.Infrastructure\MonitoringConfig.Infrastructure.csproj", "{F3B3D8B1-B78B-4F44-BFE2-EF63F2F5AB76}"
EndProject
Project("{2150E333-8FDC-42A3-9474-1A3956D46DE8}") = "MonitoringConfig", "MonitoringConfig", "{4EAC5195-C134-4FD8-955B-0A3FC69DE50B}"
EndProject
Project("{2150E333-8FDC-42A3-9474-1A3956D46DE8}") = "MonitoringData", "MonitoringData", "{38A3A20D-6DDB-49C0-B934-3E9782311FB6}"
EndProject
Project("{9A19103F-16F7-4668-BE54-9A1E7A4F7556}") = "MonitoringData.Infrastructure", "MonitoringData.Infrastructure\MonitoringData.Infrastructure.csproj", "{B223EC12-9D45-4ACE-9F0C-7883C5718655}"
EndProject
Project("{2150E333-8FDC-42A3-9474-1A3956D46DE8}") = "MonitoringTesting", "MonitoringTesting", "{199BA538-0A44-421B-8FC9-3A10F16EEE6B}"
EndProject
Project("{9A19103F-16F7-4668-BE54-9A1E7A4F7556}") = "MonitoringSystem.ConsoleTesting", "MonitoringSystem.ConsoleTesting\MonitoringSystem.ConsoleTesting.csproj", "{49515509-5FF6-4E9D-A75F-4E0013794E73}"
EndProject
Project("{2150E333-8FDC-42A3-9474-1A3956D46DE8}") = "Solution Items", "Solution Items", "{15D9C67A-9861-4B3B-B225-92E898C90146}"
	ProjectSection(SolutionItems) = preProject
		Assembiles\Microsoft.Exchange.WebServices.NETStandard.deps.json = Assembiles\Microsoft.Exchange.WebServices.NETStandard.deps.json
		Assembiles\Microsoft.Exchange.WebServices.NETStandard.dll = Assembiles\Microsoft.Exchange.WebServices.NETStandard.dll
		Assembiles\Microsoft.Exchange.WebServices.NETStandard.pdb = Assembiles\Microsoft.Exchange.WebServices.NETStandard.pdb
		Assembiles\NModbus4.deps.json = Assembiles\NModbus4.deps.json
		Assembiles\NModbus4.dll = Assembiles\NModbus4.dll
		Assembiles\NModbus4.pdb = Assembiles\NModbus4.pdb
	EndProjectSection
EndProject
Project("{9A19103F-16F7-4668-BE54-9A1E7A4F7556}") = "MonitoringData.DataLoggingService", "MonitoringData.DataLoggingService\MonitoringData.DataLoggingService.csproj", "{DE7D3816-E3F3-4635-8101-F493112CE618}"
EndProject
Project("{E53339B2-1760-4266-BCC7-CA923CBCF16C}") = "docker-compose", "docker-compose.dcproj", "{85BE2E2A-5776-4F37-88CB-3168ADF02AB9}"
EndProject
Project("{2150E333-8FDC-42A3-9474-1A3956D46DE8}") = "MonitoringWeb", "MonitoringWeb", "{5B2E1BB3-86E5-4C0C-8B2F-7A74B15818E5}"
EndProject
Project("{9A19103F-16F7-4668-BE54-9A1E7A4F7556}") = "MonitoringWeb.RealtimeWebApp", "MonitoringWeb.RealtimeWebApp\MonitoringWeb.RealtimeWebApp.csproj", "{1B3E5696-9DD7-4653-A11A-5166DB07793E}"
EndProject
Project("{2150E333-8FDC-42A3-9474-1A3956D46DE8}") = "MonitoringShared", "MonitoringShared", "{EF35596E-6A43-4981-8458-11B3C822DB91}"
EndProject
Project("{9A19103F-16F7-4668-BE54-9A1E7A4F7556}") = "DxBlazorApplication1", "DxBlazorApplication1\DxBlazorApplication1.csproj", "{3B715767-AD92-4375-93BB-87A703604F0A}"
EndProject
Global
	GlobalSection(SolutionConfigurationPlatforms) = preSolution
		Debug|Any CPU = Debug|Any CPU
		Release|Any CPU = Release|Any CPU
	EndGlobalSection
	GlobalSection(ProjectConfigurationPlatforms) = postSolution
		{E0E9D5E7-D5F6-4344-9E97-69B034D72217}.Debug|Any CPU.ActiveCfg = Debug|Any CPU
		{E0E9D5E7-D5F6-4344-9E97-69B034D72217}.Debug|Any CPU.Build.0 = Debug|Any CPU
		{E0E9D5E7-D5F6-4344-9E97-69B034D72217}.Release|Any CPU.ActiveCfg = Release|Any CPU
		{E0E9D5E7-D5F6-4344-9E97-69B034D72217}.Release|Any CPU.Build.0 = Release|Any CPU
		{F3B3D8B1-B78B-4F44-BFE2-EF63F2F5AB76}.Debug|Any CPU.ActiveCfg = Debug|Any CPU
		{F3B3D8B1-B78B-4F44-BFE2-EF63F2F5AB76}.Debug|Any CPU.Build.0 = Debug|Any CPU
		{F3B3D8B1-B78B-4F44-BFE2-EF63F2F5AB76}.Release|Any CPU.ActiveCfg = Release|Any CPU
		{F3B3D8B1-B78B-4F44-BFE2-EF63F2F5AB76}.Release|Any CPU.Build.0 = Release|Any CPU
		{B223EC12-9D45-4ACE-9F0C-7883C5718655}.Debug|Any CPU.ActiveCfg = Debug|Any CPU
		{B223EC12-9D45-4ACE-9F0C-7883C5718655}.Debug|Any CPU.Build.0 = Debug|Any CPU
		{B223EC12-9D45-4ACE-9F0C-7883C5718655}.Release|Any CPU.ActiveCfg = Release|Any CPU
		{B223EC12-9D45-4ACE-9F0C-7883C5718655}.Release|Any CPU.Build.0 = Release|Any CPU
		{49515509-5FF6-4E9D-A75F-4E0013794E73}.Debug|Any CPU.ActiveCfg = Debug|Any CPU
		{49515509-5FF6-4E9D-A75F-4E0013794E73}.Debug|Any CPU.Build.0 = Debug|Any CPU
		{49515509-5FF6-4E9D-A75F-4E0013794E73}.Release|Any CPU.ActiveCfg = Release|Any CPU
		{49515509-5FF6-4E9D-A75F-4E0013794E73}.Release|Any CPU.Build.0 = Release|Any CPU
		{DE7D3816-E3F3-4635-8101-F493112CE618}.Debug|Any CPU.ActiveCfg = Debug|Any CPU
		{DE7D3816-E3F3-4635-8101-F493112CE618}.Debug|Any CPU.Build.0 = Debug|Any CPU
		{DE7D3816-E3F3-4635-8101-F493112CE618}.Release|Any CPU.ActiveCfg = Release|Any CPU
		{DE7D3816-E3F3-4635-8101-F493112CE618}.Release|Any CPU.Build.0 = Release|Any CPU
		{85BE2E2A-5776-4F37-88CB-3168ADF02AB9}.Debug|Any CPU.ActiveCfg = Debug|Any CPU
		{85BE2E2A-5776-4F37-88CB-3168ADF02AB9}.Debug|Any CPU.Build.0 = Debug|Any CPU
		{85BE2E2A-5776-4F37-88CB-3168ADF02AB9}.Release|Any CPU.ActiveCfg = Release|Any CPU
		{85BE2E2A-5776-4F37-88CB-3168ADF02AB9}.Release|Any CPU.Build.0 = Release|Any CPU
		{1B3E5696-9DD7-4653-A11A-5166DB07793E}.Debug|Any CPU.ActiveCfg = Debug|Any CPU
		{1B3E5696-9DD7-4653-A11A-5166DB07793E}.Debug|Any CPU.Build.0 = Debug|Any CPU
		{1B3E5696-9DD7-4653-A11A-5166DB07793E}.Release|Any CPU.ActiveCfg = Release|Any CPU
		{1B3E5696-9DD7-4653-A11A-5166DB07793E}.Release|Any CPU.Build.0 = Release|Any CPU
		{3B715767-AD92-4375-93BB-87A703604F0A}.Debug|Any CPU.ActiveCfg = Debug|Any CPU
		{3B715767-AD92-4375-93BB-87A703604F0A}.Debug|Any CPU.Build.0 = Debug|Any CPU
		{3B715767-AD92-4375-93BB-87A703604F0A}.Release|Any CPU.ActiveCfg = Release|Any CPU
		{3B715767-AD92-4375-93BB-87A703604F0A}.Release|Any CPU.Build.0 = Release|Any CPU
	EndGlobalSection
	GlobalSection(SolutionProperties) = preSolution
		HideSolutionNode = FALSE
	EndGlobalSection
	GlobalSection(NestedProjects) = preSolution
		{E0E9D5E7-D5F6-4344-9E97-69B034D72217} = {EF35596E-6A43-4981-8458-11B3C822DB91}
		{F3B3D8B1-B78B-4F44-BFE2-EF63F2F5AB76} = {4EAC5195-C134-4FD8-955B-0A3FC69DE50B}
		{B223EC12-9D45-4ACE-9F0C-7883C5718655} = {38A3A20D-6DDB-49C0-B934-3E9782311FB6}
		{49515509-5FF6-4E9D-A75F-4E0013794E73} = {199BA538-0A44-421B-8FC9-3A10F16EEE6B}
		{DE7D3816-E3F3-4635-8101-F493112CE618} = {38A3A20D-6DDB-49C0-B934-3E9782311FB6}
		{1B3E5696-9DD7-4653-A11A-5166DB07793E} = {5B2E1BB3-86E5-4C0C-8B2F-7A74B15818E5}
		{3B715767-AD92-4375-93BB-87A703604F0A} = {5B2E1BB3-86E5-4C0C-8B2F-7A74B15818E5}
	EndGlobalSection
	GlobalSection(ExtensibilityGlobals) = postSolution
		SolutionGuid = {1E2B0F8D-F1CD-4933-8EB8-770DED0DB5FF}
	EndGlobalSection
EndGlobal
